
Microsoft Visual Studio Solution File, Format Version 12.00
# Visual Studio Version 17
VisualStudioVersion = 17.4.33403.182
MinimumVisualStudioVersion = 10.0.40219.1
Project("{FAE04EC0-301F-11D3-BF4B-00C04F79EFBC}") = "FizzBuzz.Api", "FizzBuzz.Api\FizzBuzz.Api.csproj", "{FC9AC216-5491-4B0B-B2FB-0B8528B6CB48}"
EndProject
Project("{FAE04EC0-301F-11D3-BF4B-00C04F79EFBC}") = "FizzBuzz.Test", "FizzBuzz.Test\FizzBuzz.Test.csproj", "{19283740-6DC3-463C-89E8-1A44D42C3A1C}"
EndProject
Global
	GlobalSection(SolutionConfigurationPlatforms) = preSolution
		Debug|Any CPU = Debug|Any CPU
		Release|Any CPU = Release|Any CPU
	EndGlobalSection
	GlobalSection(ProjectConfigurationPlatforms) = postSolution
		{FC9AC216-5491-4B0B-B2FB-0B8528B6CB48}.Debug|Any CPU.ActiveCfg = Debug|Any CPU
		{FC9AC216-5491-4B0B-B2FB-0B8528B6CB48}.Debug|Any CPU.Build.0 = Debug|Any CPU
		{FC9AC216-5491-4B0B-B2FB-0B8528B6CB48}.Release|Any CPU.ActiveCfg = Release|Any CPU
		{FC9AC216-5491-4B0B-B2FB-0B8528B6CB48}.Release|Any CPU.Build.0 = Release|Any CPU
		{19283740-6DC3-463C-89E8-1A44D42C3A1C}.Debug|Any CPU.ActiveCfg = Debug|Any CPU
		{19283740-6DC3-463C-89E8-1A44D42C3A1C}.Debug|Any CPU.Build.0 = Debug|Any CPU
		{19283740-6DC3-463C-89E8-1A44D42C3A1C}.Release|Any CPU.ActiveCfg = Release|Any CPU
		{19283740-6DC3-463C-89E8-1A44D42C3A1C}.Release|Any CPU.Build.0 = Release|Any CPU
	EndGlobalSection
	GlobalSection(SolutionProperties) = preSolution
		HideSolutionNode = FALSE
	EndGlobalSection
	GlobalSection(ExtensibilityGlobals) = postSolution
		SolutionGuid = {C9D2F2A4-9D73-44BA-BE23-89188665EF69}
	EndGlobalSection
EndGlobal
